
Microsoft Visual Studio Solution File, Format Version 12.00
# Visual Studio 2013
VisualStudioVersion = 12.0.31101.0
MinimumVisualStudioVersion = 10.0.40219.1
Project("{FAE04EC0-301F-11D3-BF4B-00C04F79EFBC}") = "QuickCheck", "QuickCheck\QuickCheck.csproj", "{79643B25-FD36-4453-BF9A-8BFE455DC2B0}"
EndProject
Project("{FAE04EC0-301F-11D3-BF4B-00C04F79EFBC}") = "HelloWorld", "HelloWorld\HelloWorld.csproj", "{AE997695-72C8-4EAE-BD0F-31012A2BC4B9}"
EndProject
Project("{2150E333-8FDC-42A3-9474-1A3956D46DE8}") = ".nuget", ".nuget", "{69DCF92E-91A0-41C6-A520-7DD179A8D2BA}"
	ProjectSection(SolutionItems) = preProject
		.nuget\packages.config = .nuget\packages.config
	EndProjectSection
EndProject
Global
	GlobalSection(SolutionConfigurationPlatforms) = preSolution
		Debug|Any CPU = Debug|Any CPU
		Release|Any CPU = Release|Any CPU
	EndGlobalSection
	GlobalSection(ProjectConfigurationPlatforms) = postSolution
		{79643B25-FD36-4453-BF9A-8BFE455DC2B0}.Debug|Any CPU.ActiveCfg = Debug|Any CPU
		{79643B25-FD36-4453-BF9A-8BFE455DC2B0}.Debug|Any CPU.Build.0 = Debug|Any CPU
		{79643B25-FD36-4453-BF9A-8BFE455DC2B0}.Release|Any CPU.ActiveCfg = Release|Any CPU
		{79643B25-FD36-4453-BF9A-8BFE455DC2B0}.Release|Any CPU.Build.0 = Release|Any CPU
		{AE997695-72C8-4EAE-BD0F-31012A2BC4B9}.Debug|Any CPU.ActiveCfg = Debug|Any CPU
		{AE997695-72C8-4EAE-BD0F-31012A2BC4B9}.Debug|Any CPU.Build.0 = Debug|Any CPU
		{AE997695-72C8-4EAE-BD0F-31012A2BC4B9}.Release|Any CPU.ActiveCfg = Release|Any CPU
		{AE997695-72C8-4EAE-BD0F-31012A2BC4B9}.Release|Any CPU.Build.0 = Release|Any CPU
	EndGlobalSection
	GlobalSection(SolutionProperties) = preSolution
		HideSolutionNode = FALSE
	EndGlobalSection
EndGlobal
